
Microsoft Visual Studio Solution File, Format Version 11.00
# Visual C++ Express 2010
Project("{8BC9CEB8-8B4A-11D0-8D11-00A0C91BC942}") = "Plugin_AdvancedParticles", "Plugin_AdvancedParticles.vcxproj", "{BA5B45EC-5399-97EF-014D-0184FA912DFD}"
EndProject
Global
	GlobalSection(SolutionConfigurationPlatforms) = preSolution
		Debug|Win32 = Debug|Win32
		Release|Win32 = Release|Win32
	EndGlobalSection
	GlobalSection(ProjectConfigurationPlatforms) = postSolution
		{BA5B45EC-5399-97EF-014D-0184FA912DFD}.Debug|Win32.ActiveCfg = Debug|Win32
		{BA5B45EC-5399-97EF-014D-0184FA912DFD}.Debug|Win32.Build.0 = Debug|Win32
		{BA5B45EC-5399-97EF-014D-0184FA912DFD}.Release|Win32.ActiveCfg = Release|Win32
		{BA5B45EC-5399-97EF-014D-0184FA912DFD}.Release|Win32.Build.0 = Release|Win32
	EndGlobalSection
	GlobalSection(SolutionProperties) = preSolution
		HideSolutionNode = FALSE
	EndGlobalSection
EndGlobal
