
Microsoft Visual Studio Solution File, Format Version 11.00
# Visual C++ Express 2010
Project("{8BC9CEB8-8B4A-11D0-8D11-00A0C91BC942}") = "Plugin_AdvancedParticles", "Plugin_AdvancedParticles.vcxproj", "{817C9D75-B6DF-09FA-C028-A29C7FAB5CF4}"
EndProject
Global
	GlobalSection(SolutionConfigurationPlatforms) = preSolution
		Debug|Win32 = Debug|Win32
		Release|Win32 = Release|Win32
	EndGlobalSection
	GlobalSection(ProjectConfigurationPlatforms) = postSolution
		{817C9D75-B6DF-09FA-C028-A29C7FAB5CF4}.Debug|Win32.ActiveCfg = Debug|Win32
		{817C9D75-B6DF-09FA-C028-A29C7FAB5CF4}.Debug|Win32.Build.0 = Debug|Win32
		{817C9D75-B6DF-09FA-C028-A29C7FAB5CF4}.Release|Win32.ActiveCfg = Release|Win32
		{817C9D75-B6DF-09FA-C028-A29C7FAB5CF4}.Release|Win32.Build.0 = Release|Win32
	EndGlobalSection
	GlobalSection(SolutionProperties) = preSolution
		HideSolutionNode = FALSE
	EndGlobalSection
EndGlobal
