
Microsoft Visual Studio Solution File, Format Version 11.00
# Visual C++ Express 2010
Project("{8BC9CEB8-8B4A-11D0-8D11-00A0C91BC942}") = "Plugin_AdvancedParticles", "Plugin_AdvancedParticles.vcxproj", "{E6F60CC0-117D-9349-CE60-7FE09464005D}"
EndProject
Global
	GlobalSection(SolutionConfigurationPlatforms) = preSolution
		Debug|Win32 = Debug|Win32
		Release|Win32 = Release|Win32
	EndGlobalSection
	GlobalSection(ProjectConfigurationPlatforms) = postSolution
		{E6F60CC0-117D-9349-CE60-7FE09464005D}.Debug|Win32.ActiveCfg = Debug|Win32
		{E6F60CC0-117D-9349-CE60-7FE09464005D}.Debug|Win32.Build.0 = Debug|Win32
		{E6F60CC0-117D-9349-CE60-7FE09464005D}.Release|Win32.ActiveCfg = Release|Win32
		{E6F60CC0-117D-9349-CE60-7FE09464005D}.Release|Win32.Build.0 = Release|Win32
	EndGlobalSection
	GlobalSection(SolutionProperties) = preSolution
		HideSolutionNode = FALSE
	EndGlobalSection
EndGlobal
